// !$*UTF8*$!
{
	archiveVersion = 1;
	classes = {
	};
	objectVersion = 77;
	objects = {

/* Begin PBXBuildFile section */
		1850F5039639D7909B0697A3 /* Pods_AzureCommunicationTests.framework in Frameworks */ = {isa = PBXBuildFile; fileRef = 552F546FDDA53C37CCBC8D4D /* Pods_AzureCommunicationTests.framework */; };
		6A0B1455562C2796CD172E95 /* Pods_AzureCommunication_AzureCommunicationUITests.framework in Frameworks */ = {isa = PBXBuildFile; fileRef = A0353485E95FCA3ED1D105DB /* Pods_AzureCommunication_AzureCommunicationUITests.framework */; };
		9523543114FAB654C98ADE2B /* Pods_AzureCommunication.framework in Frameworks */ = {isa = PBXBuildFile; fileRef = 7296B228E69456B445B8855A /* Pods_AzureCommunication.framework */; };
/* End PBXBuildFile section */

/* Begin PBXContainerItemProxy section */
		CEC45F9E2F2A90B200BF3C99 /* PBXContainerItemProxy */ = {
			isa = PBXContainerItemProxy;
			containerPortal = CEC45F882F2A90B100BF3C99 /* Project object */;
			proxyType = 1;
			remoteGlobalIDString = CEC45F8F2F2A90B100BF3C99;
			remoteInfo = AzureCommunication;
		};
		CEC45FA82F2A90B200BF3C99 /* PBXContainerItemProxy */ = {
			isa = PBXContainerItemProxy;
			containerPortal = CEC45F882F2A90B100BF3C99 /* Project object */;
			proxyType = 1;
			remoteGlobalIDString = CEC45F8F2F2A90B100BF3C99;
			remoteInfo = AzureCommunication;
		};
/* End PBXContainerItemProxy section */

/* Begin PBXFileReference section */
		22D4BFC1C8B56C76CED576AC /* Pods-AzureCommunication-AzureCommunicationUITests.debug.xcconfig */ = {isa = PBXFileReference; includeInIndex = 1; lastKnownFileType = text.xcconfig; name = "Pods-AzureCommunication-AzureCommunicationUITests.debug.xcconfig"; path = "Target Support Files/Pods-AzureCommunication-AzureCommunicationUITests/Pods-AzureCommunication-AzureCommunicationUITests.debug.xcconfig"; sourceTree = "<group>"; };
		552F546FDDA53C37CCBC8D4D /* Pods_AzureCommunicationTests.framework */ = {isa = PBXFileReference; explicitFileType = wrapper.framework; includeInIndex = 0; path = Pods_AzureCommunicationTests.framework; sourceTree = BUILT_PRODUCTS_DIR; };
		6862AB6096CAE8CD6B064E20 /* Pods-AzureCommunicationTests.release.xcconfig */ = {isa = PBXFileReference; includeInIndex = 1; lastKnownFileType = text.xcconfig; name = "Pods-AzureCommunicationTests.release.xcconfig"; path = "Target Support Files/Pods-AzureCommunicationTests/Pods-AzureCommunicationTests.release.xcconfig"; sourceTree = "<group>"; };
		7296B228E69456B445B8855A /* Pods_AzureCommunication.framework */ = {isa = PBXFileReference; explicitFileType = wrapper.framework; includeInIndex = 0; path = Pods_AzureCommunication.framework; sourceTree = BUILT_PRODUCTS_DIR; };
		845C67271C3D0AF73813C587 /* Pods-AzureCommunication.release.xcconfig */ = {isa = PBXFileReference; includeInIndex = 1; lastKnownFileType = text.xcconfig; name = "Pods-AzureCommunication.release.xcconfig"; path = "Target Support Files/Pods-AzureCommunication/Pods-AzureCommunication.release.xcconfig"; sourceTree = "<group>"; };
		A0353485E95FCA3ED1D105DB /* Pods_AzureCommunication_AzureCommunicationUITests.framework */ = {isa = PBXFileReference; explicitFileType = wrapper.framework; includeInIndex = 0; path = Pods_AzureCommunication_AzureCommunicationUITests.framework; sourceTree = BUILT_PRODUCTS_DIR; };
		A4E20648E3602DA2C53ED977 /* Pods-AzureCommunicationTests.debug.xcconfig */ = {isa = PBXFileReference; includeInIndex = 1; lastKnownFileType = text.xcconfig; name = "Pods-AzureCommunicationTests.debug.xcconfig"; path = "Target Support Files/Pods-AzureCommunicationTests/Pods-AzureCommunicationTests.debug.xcconfig"; sourceTree = "<group>"; };
		AA2351511E9712227B54CF61 /* Pods-AzureCommunication-AzureCommunicationUITests.release.xcconfig */ = {isa = PBXFileReference; includeInIndex = 1; lastKnownFileType = text.xcconfig; name = "Pods-AzureCommunication-AzureCommunicationUITests.release.xcconfig"; path = "Target Support Files/Pods-AzureCommunication-AzureCommunicationUITests/Pods-AzureCommunication-AzureCommunicationUITests.release.xcconfig"; sourceTree = "<group>"; };
		CEC45F902F2A90B100BF3C99 /* AzureCommunication.app */ = {isa = PBXFileReference; explicitFileType = wrapper.application; includeInIndex = 0; path = AzureCommunication.app; sourceTree = BUILT_PRODUCTS_DIR; };
		CEC45F9D2F2A90B200BF3C99 /* AzureCommunicationTests.xctest */ = {isa = PBXFileReference; explicitFileType = wrapper.cfbundle; includeInIndex = 0; path = AzureCommunicationTests.xctest; sourceTree = BUILT_PRODUCTS_DIR; };
		CEC45FA72F2A90B200BF3C99 /* AzureCommunicationUITests.xctest */ = {isa = PBXFileReference; explicitFileType = wrapper.cfbundle; includeInIndex = 0; path = AzureCommunicationUITests.xctest; sourceTree = BUILT_PRODUCTS_DIR; };
		F79B87E4C8BFB61F5082ECF6 /* Pods-AzureCommunication.debug.xcconfig */ = {isa = PBXFileReference; includeInIndex = 1; lastKnownFileType = text.xcconfig; name = "Pods-AzureCommunication.debug.xcconfig"; path = "Target Support Files/Pods-AzureCommunication/Pods-AzureCommunication.debug.xcconfig"; sourceTree = "<group>"; };
/* End PBXFileReference section */

/* Begin PBXFileSystemSynchronizedBuildFileExceptionSet section */
		CEC45F922F2A90B100BF3C98 /* PBXFileSystemSynchronizedBuildFileExceptionSet */ = {
			isa = PBXFileSystemSynchronizedBuildFileExceptionSet;
			membershipExceptions = (
				Info.plist,
			);
			target = CEC45F8F2F2A90B100BF3C99 /* AzureCommunication */;
		};
/* End PBXFileSystemSynchronizedBuildFileExceptionSet section */

/* Begin PBXFileSystemSynchronizedRootGroup section */
		CEC45F922F2A90B100BF3C99 /* AzureCommunication */ = {
			isa = PBXFileSystemSynchronizedRootGroup;
			exceptions = (
				CEC45F922F2A90B100BF3C98 /* PBXFileSystemSynchronizedBuildFileExceptionSet */,
			);
			path = AzureCommunication;
			sourceTree = "<group>";
		};
		CEC45FA02F2A90B200BF3C99 /* AzureCommunicationTests */ = {
			isa = PBXFileSystemSynchronizedRootGroup;
			exceptions = (
			);
			path = AzureCommunicationTests;
			sourceTree = "<group>";
		};
		CEC45FAA2F2A90B200BF3C99 /* AzureCommunicationUITests */ = {
			isa = PBXFileSystemSynchronizedRootGroup;
			exceptions = (
			);
			path = AzureCommunicationUITests;
			sourceTree = "<group>";
		};
/* End PBXFileSystemSynchronizedRootGroup section */

/* Begin PBXFrameworksBuildPhase section */
		CEC45F8D2F2A90B100BF3C99 /* Frameworks */ = {
			isa = PBXFrameworksBuildPhase;
			buildActionMask = 2147483647;
			files = (
				9523543114FAB654C98ADE2B /* Pods_AzureCommunication.framework in Frameworks */,
			);
			runOnlyForDeploymentPostprocessing = 0;
		};
		CEC45F9A2F2A90B200BF3C99 /* Frameworks */ = {
			isa = PBXFrameworksBuildPhase;
			buildActionMask = 2147483647;
			files = (
				1850F5039639D7909B0697A3 /* Pods_AzureCommunicationTests.framework in Frameworks */,
			);
			runOnlyForDeploymentPostprocessing = 0;
		};
		CEC45FA42F2A90B200BF3C99 /* Frameworks */ = {
			isa = PBXFrameworksBuildPhase;
			buildActionMask = 2147483647;
			files = (
				6A0B1455562C2796CD172E95 /* Pods_AzureCommunication_AzureCommunicationUITests.framework in Frameworks */,
			);
			runOnlyForDeploymentPostprocessing = 0;
		};
/* End PBXFrameworksBuildPhase section */

/* Begin PBXGroup section */
		0EB1EBCF384059283C5AD649 /* Pods */ = {
			isa = PBXGroup;
			children = (
				F79B87E4C8BFB61F5082ECF6 /* Pods-AzureCommunication.debug.xcconfig */,
				845C67271C3D0AF73813C587 /* Pods-AzureCommunication.release.xcconfig */,
				22D4BFC1C8B56C76CED576AC /* Pods-AzureCommunication-AzureCommunicationUITests.debug.xcconfig */,
				AA2351511E9712227B54CF61 /* Pods-AzureCommunication-AzureCommunicationUITests.release.xcconfig */,
				A4E20648E3602DA2C53ED977 /* Pods-AzureCommunicationTests.debug.xcconfig */,
				6862AB6096CAE8CD6B064E20 /* Pods-AzureCommunicationTests.release.xcconfig */,
			);
			name = Pods;
			path = Pods;
			sourceTree = "<group>";
		};
		72B9679E0E9A8EBE6CD429DD /* Frameworks */ = {
			isa = PBXGroup;
			children = (
				7296B228E69456B445B8855A /* Pods_AzureCommunication.framework */,
				A0353485E95FCA3ED1D105DB /* Pods_AzureCommunication_AzureCommunicationUITests.framework */,
				552F546FDDA53C37CCBC8D4D /* Pods_AzureCommunicationTests.framework */,
			);
			name = Frameworks;
			sourceTree = "<group>";
		};
		CEC45F872F2A90B100BF3C99 = {
			isa = PBXGroup;
			children = (
				CEC45F922F2A90B100BF3C99 /* AzureCommunication */,
				CEC45FA02F2A90B200BF3C99 /* AzureCommunicationTests */,
				CEC45FAA2F2A90B200BF3C99 /* AzureCommunicationUITests */,
				CEC45F912F2A90B100BF3C99 /* Products */,
				0EB1EBCF384059283C5AD649 /* Pods */,
				72B9679E0E9A8EBE6CD429DD /* Frameworks */,
			);
			sourceTree = "<group>";
		};
		CEC45F912F2A90B100BF3C99 /* Products */ = {
			isa = PBXGroup;
			children = (
				CEC45F902F2A90B100BF3C99 /* AzureCommunication.app */,
				CEC45F9D2F2A90B200BF3C99 /* AzureCommunicationTests.xctest */,
				CEC45FA72F2A90B200BF3C99 /* AzureCommunicationUITests.xctest */,
			);
			name = Products;
			sourceTree = "<group>";
		};
/* End PBXGroup section */

/* Begin PBXNativeTarget section */
		CEC45F8F2F2A90B100BF3C99 /* AzureCommunication */ = {
			isa = PBXNativeTarget;
			buildConfigurationList = CEC45FB12F2A90B200BF3C99 /* Build configuration list for PBXNativeTarget "AzureCommunication" */;
			buildPhases = (
				1874474080CDC39E73822875 /* [CP] Check Pods Manifest.lock */,
				CEC45F8C2F2A90B100BF3C99 /* Sources */,
				CEC45F8D2F2A90B100BF3C99 /* Frameworks */,
				CEC45F8E2F2A90B100BF3C99 /* Resources */,
				09F29160E1A4C576590ECFE7 /* [CP] Embed Pods Frameworks */,
			);
			buildRules = (
			);
			dependencies = (
			);
			fileSystemSynchronizedGroups = (
				CEC45F922F2A90B100BF3C99 /* AzureCommunication */,
			);
			name = AzureCommunication;
			productName = AzureCommunication;
			productReference = CEC45F902F2A90B100BF3C99 /* AzureCommunication.app */;
			productType = "com.apple.product-type.application";
		};
		CEC45F9C2F2A90B200BF3C99 /* AzureCommunicationTests */ = {
			isa = PBXNativeTarget;
			buildConfigurationList = CEC45FB42F2A90B200BF3C99 /* Build configuration list for PBXNativeTarget "AzureCommunicationTests" */;
			buildPhases = (
				B2AB913ED7A17AA79477656F /* [CP] Check Pods Manifest.lock */,
				CEC45F992F2A90B200BF3C99 /* Sources */,
				CEC45F9A2F2A90B200BF3C99 /* Frameworks */,
				CEC45F9B2F2A90B200BF3C99 /* Resources */,
			);
			buildRules = (
			);
			dependencies = (
				CEC45F9F2F2A90B200BF3C99 /* PBXTargetDependency */,
			);
			fileSystemSynchronizedGroups = (
				CEC45FA02F2A90B200BF3C99 /* AzureCommunicationTests */,
			);
			name = AzureCommunicationTests;
			productName = AzureCommunicationTests;
			productReference = CEC45F9D2F2A90B200BF3C99 /* AzureCommunicationTests.xctest */;
			productType = "com.apple.product-type.bundle.unit-test";
		};
		CEC45FA62F2A90B200BF3C99 /* AzureCommunicationUITests */ = {
			isa = PBXNativeTarget;
			buildConfigurationList = CEC45FB72F2A90B200BF3C99 /* Build configuration list for PBXNativeTarget "AzureCommunicationUITests" */;
			buildPhases = (
				01ECB5C7B684AD50DA8E785F /* [CP] Check Pods Manifest.lock */,
				CEC45FA32F2A90B200BF3C99 /* Sources */,
				CEC45FA42F2A90B200BF3C99 /* Frameworks */,
				CEC45FA52F2A90B200BF3C99 /* Resources */,
				ED271DC05BAC425856C07E27 /* [CP] Embed Pods Frameworks */,
			);
			buildRules = (
			);
			dependencies = (
				CEC45FA92F2A90B200BF3C99 /* PBXTargetDependency */,
			);
			fileSystemSynchronizedGroups = (
				CEC45FAA2F2A90B200BF3C99 /* AzureCommunicationUITests */,
			);
			name = AzureCommunicationUITests;
			productName = AzureCommunicationUITests;
			productReference = CEC45FA72F2A90B200BF3C99 /* AzureCommunicationUITests.xctest */;
			productType = "com.apple.product-type.bundle.ui-testing";
		};
/* End PBXNativeTarget section */

/* Begin PBXProject section */
		CEC45F882F2A90B100BF3C99 /* Project object */ = {
			isa = PBXProject;
			attributes = {
				BuildIndependentTargetsInParallel = 1;
				LastSwiftUpdateCheck = 2610;
				LastUpgradeCheck = 2610;
				TargetAttributes = {
					CEC45F8F2F2A90B100BF3C99 = {
						CreatedOnToolsVersion = 26.1.1;
					};
					CEC45F9C2F2A90B200BF3C99 = {
						CreatedOnToolsVersion = 26.1.1;
						TestTargetID = CEC45F8F2F2A90B100BF3C99;
					};
					CEC45FA62F2A90B200BF3C99 = {
						CreatedOnToolsVersion = 26.1.1;
						TestTargetID = CEC45F8F2F2A90B100BF3C99;
					};
				};
			};
			buildConfigurationList = CEC45F8B2F2A90B100BF3C99 /* Build configuration list for PBXProject "AzureCommunication" */;
			developmentRegion = en;
			hasScannedForEncodings = 0;
			knownRegions = (
				en,
				Base,
			);
			mainGroup = CEC45F872F2A90B100BF3C99;
			minimizedProjectReferenceProxies = 1;
			preferredProjectObjectVersion = 77;
			productRefGroup = CEC45F912F2A90B100BF3C99 /* Products */;
			projectDirPath = "";
			projectRoot = "";
			targets = (
				CEC45F8F2F2A90B100BF3C99 /* AzureCommunication */,
				CEC45F9C2F2A90B200BF3C99 /* AzureCommunicationTests */,
				CEC45FA62F2A90B200BF3C99 /* AzureCommunicationUITests */,
			);
		};
/* End PBXProject section */

/* Begin PBXResourcesBuildPhase section */
		CEC45F8E2F2A90B100BF3C99 /* Resources */ = {
			isa = PBXResourcesBuildPhase;
			buildActionMask = 2147483647;
			files = (
			);
			runOnlyForDeploymentPostprocessing = 0;
		};
		CEC45F9B2F2A90B200BF3C99 /* Resources */ = {
			isa = PBXResourcesBuildPhase;
			buildActionMask = 2147483647;
			files = (
			);
			runOnlyForDeploymentPostprocessing = 0;
		};
		CEC45FA52F2A90B200BF3C99 /* Resources */ = {
			isa = PBXResourcesBuildPhase;
			buildActionMask = 2147483647;
			files = (
			);
			runOnlyForDeploymentPostprocessing = 0;
		};
/* End PBXResourcesBuildPhase section */

/* Begin PBXShellScriptBuildPhase section */
		01ECB5C7B684AD50DA8E785F /* [CP] Check Pods Manifest.lock */ = {
			isa = PBXShellScriptBuildPhase;
			buildActionMask = 2147483647;
			files = (
			);
			inputFileListPaths = (
			);
			inputPaths = (
				"${PODS_PODFILE_DIR_PATH}/Podfile.lock",
				"${PODS_ROOT}/Manifest.lock",
			);
			name = "[CP] Check Pods Manifest.lock";
			outputFileListPaths = (
			);
			outputPaths = (
				"$(DERIVED_FILE_DIR)/Pods-AzureCommunication-AzureCommunicationUITests-checkManifestLockResult.txt",
			);
			runOnlyForDeploymentPostprocessing = 0;
			shellPath = /bin/sh;
			shellScript = "diff \"${PODS_PODFILE_DIR_PATH}/Podfile.lock\" \"${PODS_ROOT}/Manifest.lock\" > /dev/null\nif [ $? != 0 ] ; then\n    # print error to STDERR\n    echo \"error: The sandbox is not in sync with the Podfile.lock. Run 'pod install' or update your CocoaPods installation.\" >&2\n    exit 1\nfi\n# This output is used by Xcode 'outputs' to avoid re-running this script phase.\necho \"SUCCESS\" > \"${SCRIPT_OUTPUT_FILE_0}\"\n";
			showEnvVarsInLog = 0;
		};
		09F29160E1A4C576590ECFE7 /* [CP] Embed Pods Frameworks */ = {
			isa = PBXShellScriptBuildPhase;
			buildActionMask = 2147483647;
			files = (
			);
			inputFileListPaths = (
				"${PODS_ROOT}/Target Support Files/Pods-AzureCommunication/Pods-AzureCommunication-frameworks-${CONFIGURATION}-input-files.xcfilelist",
			);
			name = "[CP] Embed Pods Frameworks";
			outputFileListPaths = (
				"${PODS_ROOT}/Target Support Files/Pods-AzureCommunication/Pods-AzureCommunication-frameworks-${CONFIGURATION}-output-files.xcfilelist",
			);
			runOnlyForDeploymentPostprocessing = 0;
			shellPath = /bin/sh;
			shellScript = "\"${PODS_ROOT}/Target Support Files/Pods-AzureCommunication/Pods-AzureCommunication-frameworks.sh\"\n";
			showEnvVarsInLog = 0;
		};
		1874474080CDC39E73822875 /* [CP] Check Pods Manifest.lock */ = {
			isa = PBXShellScriptBuildPhase;
			buildActionMask = 2147483647;
			files = (
			);
			inputFileListPaths = (
			);
			inputPaths = (
				"${PODS_PODFILE_DIR_PATH}/Podfile.lock",
				"${PODS_ROOT}/Manifest.lock",
			);
			name = "[CP] Check Pods Manifest.lock";
			outputFileListPaths = (
			);
			outputPaths = (
				"$(DERIVED_FILE_DIR)/Pods-AzureCommunication-checkManifestLockResult.txt",
			);
			runOnlyForDeploymentPostprocessing = 0;
			shellPath = /bin/sh;
			shellScript = "diff \"${PODS_PODFILE_DIR_PATH}/Podfile.lock\" \"${PODS_ROOT}/Manifest.lock\" > /dev/null\nif [ $? != 0 ] ; then\n    # print error to STDERR\n    echo \"error: The sandbox is not in sync with the Podfile.lock. Run 'pod install' or update your CocoaPods installation.\" >&2\n    exit 1\nfi\n# This output is used by Xcode 'outputs' to avoid re-running this script phase.\necho \"SUCCESS\" > \"${SCRIPT_OUTPUT_FILE_0}\"\n";
			showEnvVarsInLog = 0;
		};
		B2AB913ED7A17AA79477656F /* [CP] Check Pods Manifest.lock */ = {
			isa = PBXShellScriptBuildPhase;
			buildActionMask = 2147483647;
			files = (
			);
			inputFileListPaths = (
			);
			inputPaths = (
				"${PODS_PODFILE_DIR_PATH}/Podfile.lock",
				"${PODS_ROOT}/Manifest.lock",
			);
			name = "[CP] Check Pods Manifest.lock";
			outputFileListPaths = (
			);
			outputPaths = (
				"$(DERIVED_FILE_DIR)/Pods-AzureCommunicationTests-checkManifestLockResult.txt",
			);
			runOnlyForDeploymentPostprocessing = 0;
			shellPath = /bin/sh;
			shellScript = "diff \"${PODS_PODFILE_DIR_PATH}/Podfile.lock\" \"${PODS_ROOT}/Manifest.lock\" > /dev/null\nif [ $? != 0 ] ; then\n    # print error to STDERR\n    echo \"error: The sandbox is not in sync with the Podfile.lock. Run 'pod install' or update your CocoaPods installation.\" >&2\n    exit 1\nfi\n# This output is used by Xcode 'outputs' to avoid re-running this script phase.\necho \"SUCCESS\" > \"${SCRIPT_OUTPUT_FILE_0}\"\n";
			showEnvVarsInLog = 0;
		};
		ED271DC05BAC425856C07E27 /* [CP] Embed Pods Frameworks */ = {
			isa = PBXShellScriptBuildPhase;
			buildActionMask = 2147483647;
			files = (
			);
			inputFileListPaths = (
				"${PODS_ROOT}/Target Support Files/Pods-AzureCommunication-AzureCommunicationUITests/Pods-AzureCommunication-AzureCommunicationUITests-frameworks-${CONFIGURATION}-input-files.xcfilelist",
			);
			name = "[CP] Embed Pods Frameworks";
			outputFileListPaths = (
				"${PODS_ROOT}/Target Support Files/Pods-AzureCommunication-AzureCommunicationUITests/Pods-AzureCommunication-AzureCommunicationUITests-frameworks-${CONFIGURATION}-output-files.xcfilelist",
			);
			runOnlyForDeploymentPostprocessing = 0;
			shellPath = /bin/sh;
			shellScript = "\"${PODS_ROOT}/Target Support Files/Pods-AzureCommunication-AzureCommunicationUITests/Pods-AzureCommunication-AzureCommunicationUITests-frameworks.sh\"\n";
			showEnvVarsInLog = 0;
		};
/* End PBXShellScriptBuildPhase section */

/* Begin PBXSourcesBuildPhase section */
		CEC45F8C2F2A90B100BF3C99 /* Sources */ = {
			isa = PBXSourcesBuildPhase;
			buildActionMask = 2147483647;
			files = (
			);
			runOnlyForDeploymentPostprocessing = 0;
		};
		CEC45F992F2A90B200BF3C99 /* Sources */ = {
			isa = PBXSourcesBuildPhase;
			buildActionMask = 2147483647;
			files = (
			);
			runOnlyForDeploymentPostprocessing = 0;
		};
		CEC45FA32F2A90B200BF3C99 /* Sources */ = {
			isa = PBXSourcesBuildPhase;
			buildActionMask = 2147483647;
			files = (
			);
			runOnlyForDeploymentPostprocessing = 0;
		};
/* End PBXSourcesBuildPhase section */

/* Begin PBXTargetDependency section */
		CEC45F9F2F2A90B200BF3C99 /* PBXTargetDependency */ = {
			isa = PBXTargetDependency;
			target = CEC45F8F2F2A90B100BF3C99 /* AzureCommunication */;
			targetProxy = CEC45F9E2F2A90B200BF3C99 /* PBXContainerItemProxy */;
		};
		CEC45FA92F2A90B200BF3C99 /* PBXTargetDependency */ = {
			isa = PBXTargetDependency;
			target = CEC45F8F2F2A90B100BF3C99 /* AzureCommunication */;
			targetProxy = CEC45FA82F2A90B200BF3C99 /* PBXContainerItemProxy */;
		};
/* End PBXTargetDependency section */

/* Begin XCBuildConfiguration section */
		CEC45FAF2F2A90B200BF3C99 /* Debug */ = {
			isa = XCBuildConfiguration;
			buildSettings = {
				ALWAYS_SEARCH_USER_PATHS = NO;
				ASSETCATALOG_COMPILER_GENERATE_SWIFT_ASSET_SYMBOL_EXTENSIONS = YES;
				CLANG_ANALYZER_NONNULL = YES;
				CLANG_ANALYZER_NUMBER_OBJECT_CONVERSION = YES_AGGRESSIVE;
				CLANG_CXX_LANGUAGE_STANDARD = "gnu++20";
				CLANG_ENABLE_MODULES = YES;
				CLANG_ENABLE_OBJC_ARC = YES;
				CLANG_ENABLE_OBJC_WEAK = YES;
				CLANG_WARN_BLOCK_CAPTURE_AUTORELEASING = YES;
				CLANG_WARN_BOOL_CONVERSION = YES;
				CLANG_WARN_COMMA = YES;
				CLANG_WARN_CONSTANT_CONVERSION = YES;
				CLANG_WARN_DEPRECATED_OBJC_IMPLEMENTATIONS = YES;
				CLANG_WARN_DIRECT_OBJC_ISA_USAGE = YES_ERROR;
				CLANG_WARN_DOCUMENTATION_COMMENTS = YES;
				CLANG_WARN_EMPTY_BODY = YES;
				CLANG_WARN_ENUM_CONVERSION = YES;
				CLANG_WARN_INFINITE_RECURSION = YES;
				CLANG_WARN_INT_CONVERSION = YES;
				CLANG_WARN_NON_LITERAL_NULL_CONVERSION = YES;
				CLANG_WARN_OBJC_IMPLICIT_RETAIN_SELF = YES;
				CLANG_WARN_OBJC_LITERAL_CONVERSION = YES;
				CLANG_WARN_OBJC_ROOT_CLASS = YES_ERROR;
				CLANG_WARN_QUOTED_INCLUDE_IN_FRAMEWORK_HEADER = YES;
				CLANG_WARN_RANGE_LOOP_ANALYSIS = YES;
				CLANG_WARN_STRICT_PROTOTYPES = YES;
				CLANG_WARN_SUSPICIOUS_MOVE = YES;
				CLANG_WARN_UNGUARDED_AVAILABILITY = YES_AGGRESSIVE;
				CLANG_WARN_UNREACHABLE_CODE = YES;
				CLANG_WARN__DUPLICATE_METHOD_MATCH = YES;
				COPY_PHASE_STRIP = NO;
				DEBUG_INFORMATION_FORMAT = dwarf;
				DEVELOPMENT_TEAM = 29JU3556U2;
				ENABLE_STRICT_OBJC_MSGSEND = YES;
				ENABLE_TESTABILITY = YES;
				ENABLE_USER_SCRIPT_SANDBOXING = NO;
				GCC_C_LANGUAGE_STANDARD = gnu17;
				GCC_DYNAMIC_NO_PIC = NO;
				GCC_NO_COMMON_BLOCKS = YES;
				GCC_OPTIMIZATION_LEVEL = 0;
				GCC_PREPROCESSOR_DEFINITIONS = (
					"DEBUG=1",
					"$(inherited)",
				);
				GCC_WARN_64_TO_32_BIT_CONVERSION = YES;
				GCC_WARN_ABOUT_RETURN_TYPE = YES_ERROR;
				GCC_WARN_UNDECLARED_SELECTOR = YES;
				GCC_WARN_UNINITIALIZED_AUTOS = YES_AGGRESSIVE;
				GCC_WARN_UNUSED_FUNCTION = YES;
				GCC_WARN_UNUSED_VARIABLE = YES;
				LOCALIZATION_PREFERS_STRING_CATALOGS = YES;
				MTL_ENABLE_DEBUG_INFO = INCLUDE_SOURCE;
				MTL_FAST_MATH = YES;
				ONLY_ACTIVE_ARCH = YES;
				SWIFT_ACTIVE_COMPILATION_CONDITIONS = "DEBUG $(inherited)";
				SWIFT_OPTIMIZATION_LEVEL = "-Onone";
			};
			name = Debug;
		};
		CEC45FB02F2A90B200BF3C99 /* Release */ = {
			isa = XCBuildConfiguration;
			buildSettings = {
				ALWAYS_SEARCH_USER_PATHS = NO;
				ASSETCATALOG_COMPILER_GENERATE_SWIFT_ASSET_SYMBOL_EXTENSIONS = YES;
				CLANG_ANALYZER_NONNULL = YES;
				CLANG_ANALYZER_NUMBER_OBJECT_CONVERSION = YES_AGGRESSIVE;
				CLANG_CXX_LANGUAGE_STANDARD = "gnu++20";
				CLANG_ENABLE_MODULES = YES;
				CLANG_ENABLE_OBJC_ARC = YES;
				CLANG_ENABLE_OBJC_WEAK = YES;
				CLANG_WARN_BLOCK_CAPTURE_AUTORELEASING = YES;
				CLANG_WARN_BOOL_CONVERSION = YES;
				CLANG_WARN_COMMA = YES;
				CLANG_WARN_CONSTANT_CONVERSION = YES;
				CLANG_WARN_DEPRECATED_OBJC_IMPLEMENTATIONS = YES;
				CLANG_WARN_DIRECT_OBJC_ISA_USAGE = YES_ERROR;
				CLANG_WARN_DOCUMENTATION_COMMENTS = YES;
				CLANG_WARN_EMPTY_BODY = YES;
				CLANG_WARN_ENUM_CONVERSION = YES;
				CLANG_WARN_INFINITE_RECURSION = YES;
				CLANG_WARN_INT_CONVERSION = YES;
				CLANG_WARN_NON_LITERAL_NULL_CONVERSION = YES;
				CLANG_WARN_OBJC_IMPLICIT_RETAIN_SELF = YES;
				CLANG_WARN_OBJC_LITERAL_CONVERSION = YES;
				CLANG_WARN_OBJC_ROOT_CLASS = YES_ERROR;
				CLANG_WARN_QUOTED_INCLUDE_IN_FRAMEWORK_HEADER = YES;
				CLANG_WARN_RANGE_LOOP_ANALYSIS = YES;
				CLANG_WARN_STRICT_PROTOTYPES = YES;
				CLANG_WARN_SUSPICIOUS_MOVE = YES;
				CLANG_WARN_UNGUARDED_AVAILABILITY = YES_AGGRESSIVE;
				CLANG_WARN_UNREACHABLE_CODE = YES;
				CLANG_WARN__DUPLICATE_METHOD_MATCH = YES;
				COPY_PHASE_STRIP = NO;
				DEBUG_INFORMATION_FORMAT = "dwarf-with-dsym";
				DEVELOPMENT_TEAM = 29JU3556U2;
				ENABLE_NS_ASSERTIONS = NO;
				ENABLE_STRICT_OBJC_MSGSEND = YES;
				ENABLE_USER_SCRIPT_SANDBOXING = NO;
				GCC_C_LANGUAGE_STANDARD = gnu17;
				GCC_NO_COMMON_BLOCKS = YES;
				GCC_WARN_64_TO_32_BIT_CONVERSION = YES;
				GCC_WARN_ABOUT_RETURN_TYPE = YES_ERROR;
				GCC_WARN_UNDECLARED_SELECTOR = YES;
				GCC_WARN_UNINITIALIZED_AUTOS = YES_AGGRESSIVE;
				GCC_WARN_UNUSED_FUNCTION = YES;
				GCC_WARN_UNUSED_VARIABLE = YES;
				LOCALIZATION_PREFERS_STRING_CATALOGS = YES;
				MTL_ENABLE_DEBUG_INFO = NO;
				MTL_FAST_MATH = YES;
				SWIFT_COMPILATION_MODE = wholemodule;
			};
			name = Release;
		};
		CEC45FB22F2A90B200BF3C99 /* Debug */ = {
			isa = XCBuildConfiguration;
			baseConfigurationReference = F79B87E4C8BFB61F5082ECF6 /* Pods-AzureCommunication.debug.xcconfig */;
			buildSettings = {
				ASSETCATALOG_COMPILER_APPICON_NAME = AppIcon;
				ASSETCATALOG_COMPILER_GLOBAL_ACCENT_COLOR_NAME = AccentColor;
				CODE_SIGN_STYLE = Automatic;
				CURRENT_PROJECT_VERSION = 1;
				DEVELOPMENT_TEAM = 29JU3556U2;
				ENABLE_APP_SANDBOX = YES;
				ENABLE_HARDENED_RUNTIME = YES;
				ENABLE_PREVIEWS = YES;
				ENABLE_USER_SELECTED_FILES = readonly;
				GENERATE_INFOPLIST_FILE = NO;
				INFOPLIST_FILE = AzureCommunication/Info.plist;
				IPHONEOS_DEPLOYMENT_TARGET = 26.1;
				LD_RUNPATH_SEARCH_PATHS = "@executable_path/Frameworks";
				"LD_RUNPATH_SEARCH_PATHS[sdk=macosx*]" = "@executable_path/../Frameworks";
				MACOSX_DEPLOYMENT_TARGET = 26.1;
				MARKETING_VERSION = 1.0;
				PRODUCT_BUNDLE_IDENTIFIER = com.ap.AzureCommunication;
				PRODUCT_NAME = "$(TARGET_NAME)";
				REGISTER_APP_GROUPS = YES;
				SDKROOT = auto;
				STRING_CATALOG_GENERATE_SYMBOLS = YES;
				SUPPORTED_PLATFORMS = "iphoneos iphonesimulator macosx xros xrsimulator";
				SWIFT_APPROACHABLE_CONCURRENCY = YES;
				SWIFT_DEFAULT_ACTOR_ISOLATION = MainActor;
				SWIFT_EMIT_LOC_STRINGS = YES;
				SWIFT_UPCOMING_FEATURE_MEMBER_IMPORT_VISIBILITY = YES;
				SWIFT_VERSION = 5.0;
				TARGETED_DEVICE_FAMILY = "1,2,7";
				XROS_DEPLOYMENT_TARGET = 26.1;
			};
			name = Debug;
		};
		CEC45FB32F2A90B200BF3C99 /* Release */ = {
			isa = XCBuildConfiguration;
			baseConfigurationReference = 845C67271C3D0AF73813C587 /* Pods-AzureCommunication.release.xcconfig */;
			buildSettings = {
				ASSETCATALOG_COMPILER_APPICON_NAME = AppIcon;
				ASSETCATALOG_COMPILER_GLOBAL_ACCENT_COLOR_NAME = AccentColor;
				CODE_SIGN_STYLE = Automatic;
				CURRENT_PROJECT_VERSION = 1;
				DEVELOPMENT_TEAM = 29JU3556U2;
				ENABLE_APP_SANDBOX = YES;
				ENABLE_HARDENED_RUNTIME = YES;
				ENABLE_PREVIEWS = YES;
				ENABLE_USER_SELECTED_FILES = readonly;
				GENERATE_INFOPLIST_FILE = NO;
				INFOPLIST_FILE = AzureCommunication/Info.plist;
				IPHONEOS_DEPLOYMENT_TARGET = 26.1;
				LD_RUNPATH_SEARCH_PATHS = "@executable_path/Frameworks";
				"LD_RUNPATH_SEARCH_PATHS[sdk=macosx*]" = "@executable_path/../Frameworks";
				MACOSX_DEPLOYMENT_TARGET = 26.1;
				MARKETING_VERSION = 1.0;
				PRODUCT_BUNDLE_IDENTIFIER = com.ap.AzureCommunication;
				PRODUCT_NAME = "$(TARGET_NAME)";
				REGISTER_APP_GROUPS = YES;
				SDKROOT = auto;
				STRING_CATALOG_GENERATE_SYMBOLS = YES;
				SUPPORTED_PLATFORMS = "iphoneos iphonesimulator macosx xros xrsimulator";
				SWIFT_APPROACHABLE_CONCURRENCY = YES;
				SWIFT_DEFAULT_ACTOR_ISOLATION = MainActor;
				SWIFT_EMIT_LOC_STRINGS = YES;
				SWIFT_UPCOMING_FEATURE_MEMBER_IMPORT_VISIBILITY = YES;
				SWIFT_VERSION = 5.0;
				TARGETED_DEVICE_FAMILY = "1,2,7";
				XROS_DEPLOYMENT_TARGET = 26.1;
			};
			name = Release;
		};
		CEC45FB52F2A90B200BF3C99 /* Debug */ = {
			isa = XCBuildConfiguration;
			baseConfigurationReference = A4E20648E3602DA2C53ED977 /* Pods-AzureCommunicationTests.debug.xcconfig */;
			buildSettings = {
				BUNDLE_LOADER = "$(TEST_HOST)";
				CODE_SIGN_STYLE = Automatic;
				CURRENT_PROJECT_VERSION = 1;
				DEVELOPMENT_TEAM = 29JU3556U2;
				GENERATE_INFOPLIST_FILE = YES;
				IPHONEOS_DEPLOYMENT_TARGET = 26.1;
				MACOSX_DEPLOYMENT_TARGET = 26.1;
				MARKETING_VERSION = 1.0;
				PRODUCT_BUNDLE_IDENTIFIER = com.ap.AzureCommunicationTests;
				PRODUCT_NAME = "$(TARGET_NAME)";
				SDKROOT = auto;
				STRING_CATALOG_GENERATE_SYMBOLS = NO;
				SUPPORTED_PLATFORMS = "iphoneos iphonesimulator macosx xros xrsimulator";
				SWIFT_APPROACHABLE_CONCURRENCY = YES;
				SWIFT_EMIT_LOC_STRINGS = NO;
				SWIFT_UPCOMING_FEATURE_MEMBER_IMPORT_VISIBILITY = YES;
				SWIFT_VERSION = 5.0;
				TARGETED_DEVICE_FAMILY = "1,2,7";
				TEST_HOST = "$(BUILT_PRODUCTS_DIR)/AzureCommunication.app/$(BUNDLE_EXECUTABLE_FOLDER_PATH)/AzureCommunication";
				XROS_DEPLOYMENT_TARGET = 26.1;
			};
			name = Debug;
		};
		CEC45FB62F2A90B200BF3C99 /* Release */ = {
			isa = XCBuildConfiguration;
			baseConfigurationReference = 6862AB6096CAE8CD6B064E20 /* Pods-AzureCommunicationTests.release.xcconfig */;
			buildSettings = {
				BUNDLE_LOADER = "$(TEST_HOST)";
				CODE_SIGN_STYLE = Automatic;
				CURRENT_PROJECT_VERSION = 1;
				DEVELOPMENT_TEAM = 29JU3556U2;
				GENERATE_INFOPLIST_FILE = YES;
				IPHONEOS_DEPLOYMENT_TARGET = 26.1;
				MACOSX_DEPLOYMENT_TARGET = 26.1;
				MARKETING_VERSION = 1.0;
				PRODUCT_BUNDLE_IDENTIFIER = com.ap.AzureCommunicationTests;
				PRODUCT_NAME = "$(TARGET_NAME)";
				SDKROOT = auto;
				STRING_CATALOG_GENERATE_SYMBOLS = NO;
				SUPPORTED_PLATFORMS = "iphoneos iphonesimulator macosx xros xrsimulator";
				SWIFT_APPROACHABLE_CONCURRENCY = YES;
				SWIFT_EMIT_LOC_STRINGS = NO;
				SWIFT_UPCOMING_FEATURE_MEMBER_IMPORT_VISIBILITY = YES;
				SWIFT_VERSION = 5.0;
				TARGETED_DEVICE_FAMILY = "1,2,7";
				TEST_HOST = "$(BUILT_PRODUCTS_DIR)/AzureCommunication.app/$(BUNDLE_EXECUTABLE_FOLDER_PATH)/AzureCommunication";
				XROS_DEPLOYMENT_TARGET = 26.1;
			};
			name = Release;
		};
		CEC45FB82F2A90B200BF3C99 /* Debug */ = {
			isa = XCBuildConfiguration;
			baseConfigurationReference = 22D4BFC1C8B56C76CED576AC /* Pods-AzureCommunication-AzureCommunicationUITests.debug.xcconfig */;
			buildSettings = {
				CODE_SIGN_STYLE = Automatic;
				CURRENT_PROJECT_VERSION = 1;
				DEVELOPMENT_TEAM = 29JU3556U2;
				GENERATE_INFOPLIST_FILE = YES;
				IPHONEOS_DEPLOYMENT_TARGET = 26.1;
				MACOSX_DEPLOYMENT_TARGET = 26.1;
				MARKETING_VERSION = 1.0;
				PRODUCT_BUNDLE_IDENTIFIER = com.ap.AzureCommunicationUITests;
				PRODUCT_NAME = "$(TARGET_NAME)";
				SDKROOT = auto;
				STRING_CATALOG_GENERATE_SYMBOLS = NO;
				SUPPORTED_PLATFORMS = "iphoneos iphonesimulator macosx xros xrsimulator";
				SWIFT_APPROACHABLE_CONCURRENCY = YES;
				SWIFT_EMIT_LOC_STRINGS = NO;
				SWIFT_UPCOMING_FEATURE_MEMBER_IMPORT_VISIBILITY = YES;
				SWIFT_VERSION = 5.0;
				TARGETED_DEVICE_FAMILY = "1,2,7";
				TEST_TARGET_NAME = AzureCommunication;
				XROS_DEPLOYMENT_TARGET = 26.1;
			};
			name = Debug;
		};
		CEC45FB92F2A90B200BF3C99 /* Release */ = {
			isa = XCBuildConfiguration;
			baseConfigurationReference = AA2351511E9712227B54CF61 /* Pods-AzureCommunication-AzureCommunicationUITests.release.xcconfig */;
			buildSettings = {
				CODE_SIGN_STYLE = Automatic;
				CURRENT_PROJECT_VERSION = 1;
				DEVELOPMENT_TEAM = 29JU3556U2;
				GENERATE_INFOPLIST_FILE = YES;
				IPHONEOS_DEPLOYMENT_TARGET = 26.1;
				MACOSX_DEPLOYMENT_TARGET = 26.1;
				MARKETING_VERSION = 1.0;
				PRODUCT_BUNDLE_IDENTIFIER = com.ap.AzureCommunicationUITests;
				PRODUCT_NAME = "$(TARGET_NAME)";
				SDKROOT = auto;
				STRING_CATALOG_GENERATE_SYMBOLS = NO;
				SUPPORTED_PLATFORMS = "iphoneos iphonesimulator macosx xros xrsimulator";
				SWIFT_APPROACHABLE_CONCURRENCY = YES;
				SWIFT_EMIT_LOC_STRINGS = NO;
				SWIFT_UPCOMING_FEATURE_MEMBER_IMPORT_VISIBILITY = YES;
				SWIFT_VERSION = 5.0;
				TARGETED_DEVICE_FAMILY = "1,2,7";
				TEST_TARGET_NAME = AzureCommunication;
				XROS_DEPLOYMENT_TARGET = 26.1;
			};
			name = Release;
		};
/* End XCBuildConfiguration section */

/* Begin XCConfigurationList section */
		CEC45F8B2F2A90B100BF3C99 /* Build configuration list for PBXProject "AzureCommunication" */ = {
			isa = XCConfigurationList;
			buildConfigurations = (
				CEC45FAF2F2A90B200BF3C99 /* Debug */,
				CEC45FB02F2A90B200BF3C99 /* Release */,
			);
			defaultConfigurationIsVisible = 0;
			defaultConfigurationName = Release;
		};
		CEC45FB12F2A90B200BF3C99 /* Build configuration list for PBXNativeTarget "AzureCommunication" */ = {
			isa = XCConfigurationList;
			buildConfigurations = (
				CEC45FB22F2A90B200BF3C99 /* Debug */,
				CEC45FB32F2A90B200BF3C99 /* Release */,
			);
			defaultConfigurationIsVisible = 0;
			defaultConfigurationName = Release;
		};
		CEC45FB42F2A90B200BF3C99 /* Build configuration list for PBXNativeTarget "AzureCommunicationTests" */ = {
			isa = XCConfigurationList;
			buildConfigurations = (
				CEC45FB52F2A90B200BF3C99 /* Debug */,
				CEC45FB62F2A90B200BF3C99 /* Release */,
			);
			defaultConfigurationIsVisible = 0;
			defaultConfigurationName = Release;
		};
		CEC45FB72F2A90B200BF3C99 /* Build configuration list for PBXNativeTarget "AzureCommunicationUITests" */ = {
			isa = XCConfigurationList;
			buildConfigurations = (
				CEC45FB82F2A90B200BF3C99 /* Debug */,
				CEC45FB92F2A90B200BF3C99 /* Release */,
			);
			defaultConfigurationIsVisible = 0;
			defaultConfigurationName = Release;
		};
/* End XCConfigurationList section */
	};
	rootObject = CEC45F882F2A90B100BF3C99 /* Project object */;
}
